
Microsoft Visual Studio Solution File, Format Version 12.00
# Visual Studio 15
VisualStudioVersion = 15.0.28307.489
MinimumVisualStudioVersion = 10.0.40219.1
Project("{888888A0-9F3D-457C-B088-3A5042F75D52}") = "股票简单分析", "股票简单分析\股票简单分析.pyproj", "{D25717AD-B312-4D17-BFE7-818010774A00}"
EndProject
Global
	GlobalSection(SolutionConfigurationPlatforms) = preSolution
		Debug|Any CPU = Debug|Any CPU
		Release|Any CPU = Release|Any CPU
	EndGlobalSection
	GlobalSection(ProjectConfigurationPlatforms) = postSolution
		{D25717AD-B312-4D17-BFE7-818010774A00}.Debug|Any CPU.ActiveCfg = Debug|Any CPU
		{D25717AD-B312-4D17-BFE7-818010774A00}.Release|Any CPU.ActiveCfg = Release|Any CPU
	EndGlobalSection
	GlobalSection(SolutionProperties) = preSolution
		HideSolutionNode = FALSE
	EndGlobalSection
	GlobalSection(ExtensibilityGlobals) = postSolution
		SolutionGuid = {8B4F7EF5-8174-4100-A337-81EB21811587}
	EndGlobalSection
EndGlobal
