
Microsoft Visual Studio Solution File, Format Version 12.00
# Visual Studio 15
VisualStudioVersion = 15.0.28307.421
MinimumVisualStudioVersion = 10.0.40219.1
Project("{888888A0-9F3D-457C-B088-3A5042F75D52}") = "FruitsExpertSystem", "FruitsExpertSystem\FruitsExpertSystem.pyproj", "{D9049E43-F419-41B9-BF8A-97036CDC4340}"
EndProject
Global
	GlobalSection(SolutionConfigurationPlatforms) = preSolution
		Debug|Any CPU = Debug|Any CPU
		Release|Any CPU = Release|Any CPU
	EndGlobalSection
	GlobalSection(ProjectConfigurationPlatforms) = postSolution
		{D9049E43-F419-41B9-BF8A-97036CDC4340}.Debug|Any CPU.ActiveCfg = Debug|Any CPU
		{D9049E43-F419-41B9-BF8A-97036CDC4340}.Release|Any CPU.ActiveCfg = Release|Any CPU
	EndGlobalSection
	GlobalSection(SolutionProperties) = preSolution
		HideSolutionNode = FALSE
	EndGlobalSection
	GlobalSection(ExtensibilityGlobals) = postSolution
		SolutionGuid = {A2CCDD26-B9D8-4895-89A8-C6078D86BF19}
	EndGlobalSection
EndGlobal
