
Microsoft Visual Studio Solution File, Format Version 12.00
# Visual Studio 15
VisualStudioVersion = 15.0.28307.421
MinimumVisualStudioVersion = 10.0.40219.1
Project("{888888A0-9F3D-457C-B088-3A5042F75D52}") = "experience_3", "experience_3\experience_3.pyproj", "{AA900D3C-A3A2-41C7-BB13-C267020C62E8}"
EndProject
Global
	GlobalSection(SolutionConfigurationPlatforms) = preSolution
		Debug|Any CPU = Debug|Any CPU
		Release|Any CPU = Release|Any CPU
	EndGlobalSection
	GlobalSection(ProjectConfigurationPlatforms) = postSolution
		{AA900D3C-A3A2-41C7-BB13-C267020C62E8}.Debug|Any CPU.ActiveCfg = Debug|Any CPU
		{AA900D3C-A3A2-41C7-BB13-C267020C62E8}.Release|Any CPU.ActiveCfg = Release|Any CPU
	EndGlobalSection
	GlobalSection(SolutionProperties) = preSolution
		HideSolutionNode = FALSE
	EndGlobalSection
	GlobalSection(ExtensibilityGlobals) = postSolution
		SolutionGuid = {EA0D904E-1DF6-4356-9E4F-2BB587FBB005}
	EndGlobalSection
EndGlobal
