
Microsoft Visual Studio Solution File, Format Version 12.00
# Visual Studio 15
VisualStudioVersion = 15.0.28307.539
MinimumVisualStudioVersion = 10.0.40219.1
Project("{888888A0-9F3D-457C-B088-3A5042F75D52}") = "边缘检测", "边缘检测\边缘检测.pyproj", "{D467912F-F68F-4B4B-976C-BE6DF10E51DB}"
EndProject
Global
	GlobalSection(SolutionConfigurationPlatforms) = preSolution
		Debug|Any CPU = Debug|Any CPU
		Release|Any CPU = Release|Any CPU
	EndGlobalSection
	GlobalSection(ProjectConfigurationPlatforms) = postSolution
		{D467912F-F68F-4B4B-976C-BE6DF10E51DB}.Debug|Any CPU.ActiveCfg = Debug|Any CPU
		{D467912F-F68F-4B4B-976C-BE6DF10E51DB}.Release|Any CPU.ActiveCfg = Release|Any CPU
	EndGlobalSection
	GlobalSection(SolutionProperties) = preSolution
		HideSolutionNode = FALSE
	EndGlobalSection
	GlobalSection(ExtensibilityGlobals) = postSolution
		SolutionGuid = {8FB755E4-AA2C-4FD1-AE69-97E75E5D8EAB}
	EndGlobalSection
EndGlobal
