
Microsoft Visual Studio Solution File, Format Version 12.00
# Visual Studio 15
VisualStudioVersion = 15.0.28307.421
MinimumVisualStudioVersion = 10.0.40219.1
Project("{888888A0-9F3D-457C-B088-3A5042F75D52}") = "experience_2", "experience_2\experience_2.pyproj", "{B674E54C-EAD3-4FF6-8A1A-601AC4ED3C6D}"
EndProject
Global
	GlobalSection(SolutionConfigurationPlatforms) = preSolution
		Debug|Any CPU = Debug|Any CPU
		Release|Any CPU = Release|Any CPU
	EndGlobalSection
	GlobalSection(ProjectConfigurationPlatforms) = postSolution
		{B674E54C-EAD3-4FF6-8A1A-601AC4ED3C6D}.Debug|Any CPU.ActiveCfg = Debug|Any CPU
		{B674E54C-EAD3-4FF6-8A1A-601AC4ED3C6D}.Release|Any CPU.ActiveCfg = Release|Any CPU
	EndGlobalSection
	GlobalSection(SolutionProperties) = preSolution
		HideSolutionNode = FALSE
	EndGlobalSection
	GlobalSection(ExtensibilityGlobals) = postSolution
		SolutionGuid = {2120DE55-C9DD-48DF-B223-492FA5691786}
	EndGlobalSection
EndGlobal
